
Microsoft Visual Studio Solution File, Format Version 12.00
# Visual Studio Version 17
VisualStudioVersion = 17.1.32414.318
MinimumVisualStudioVersion = 10.0.40219.1
Project("{FAE04EC0-301F-11D3-BF4B-00C04F79EFBC}") = "EmailSenderAspNetMvc", "EmailSenderAspNetMvc\EmailSenderAspNetMvc.csproj", "{9E3707E8-2C04-4508-AEEB-98C04CF016E9}"
EndProject
Project("{FAE04EC0-301F-11D3-BF4B-00C04F79EFBC}") = "Cipher", "Cipher\Cipher.csproj", "{F4474EDF-8381-4193-9EC6-281FC6821ACE}"
EndProject
Global
	GlobalSection(SolutionConfigurationPlatforms) = preSolution
		Debug|Any CPU = Debug|Any CPU
		Release|Any CPU = Release|Any CPU
	EndGlobalSection
	GlobalSection(ProjectConfigurationPlatforms) = postSolution
		{9E3707E8-2C04-4508-AEEB-98C04CF016E9}.Debug|Any CPU.ActiveCfg = Debug|Any CPU
		{9E3707E8-2C04-4508-AEEB-98C04CF016E9}.Debug|Any CPU.Build.0 = Debug|Any CPU
		{9E3707E8-2C04-4508-AEEB-98C04CF016E9}.Release|Any CPU.ActiveCfg = Release|Any CPU
		{9E3707E8-2C04-4508-AEEB-98C04CF016E9}.Release|Any CPU.Build.0 = Release|Any CPU
		{F4474EDF-8381-4193-9EC6-281FC6821ACE}.Debug|Any CPU.ActiveCfg = Debug|Any CPU
		{F4474EDF-8381-4193-9EC6-281FC6821ACE}.Debug|Any CPU.Build.0 = Debug|Any CPU
		{F4474EDF-8381-4193-9EC6-281FC6821ACE}.Release|Any CPU.ActiveCfg = Release|Any CPU
		{F4474EDF-8381-4193-9EC6-281FC6821ACE}.Release|Any CPU.Build.0 = Release|Any CPU
	EndGlobalSection
	GlobalSection(SolutionProperties) = preSolution
		HideSolutionNode = FALSE
	EndGlobalSection
	GlobalSection(ExtensibilityGlobals) = postSolution
		SolutionGuid = {1BEA8C14-5020-44B9-BEE7-CC18A7EBFF18}
	EndGlobalSection
EndGlobal
